
Microsoft Visual Studio Solution File, Format Version 12.00
# Visual Studio Version 17
VisualStudioVersion = 17.3.32825.248
MinimumVisualStudioVersion = 10.0.40219.1
Project("{FAE04EC0-301F-11D3-BF4B-00C04F79EFBC}") = "Nopioseev2", "Nopioseev2.csproj", "{BB6E948A-7479-425E-B119-264BD5A07A54}"
EndProject
Global
	GlobalSection(SolutionConfigurationPlatforms) = preSolution
		Debug|Any CPU = Debug|Any CPU
		Release|Any CPU = Release|Any CPU
	EndGlobalSection
	GlobalSection(ProjectConfigurationPlatforms) = postSolution
		{BB6E948A-7479-425E-B119-264BD5A07A54}.Debug|Any CPU.ActiveCfg = Debug|Any CPU
		{BB6E948A-7479-425E-B119-264BD5A07A54}.Debug|Any CPU.Build.0 = Debug|Any CPU
		{BB6E948A-7479-425E-B119-264BD5A07A54}.Release|Any CPU.ActiveCfg = Release|Any CPU
		{BB6E948A-7479-425E-B119-264BD5A07A54}.Release|Any CPU.Build.0 = Release|Any CPU
	EndGlobalSection
	GlobalSection(SolutionProperties) = preSolution
		HideSolutionNode = FALSE
	EndGlobalSection
	GlobalSection(ExtensibilityGlobals) = postSolution
		SolutionGuid = {CD9989EC-6C4E-4964-A9FC-FFF50033F057}
	EndGlobalSection
EndGlobal
